
Microsoft Visual Studio Solution File, Format Version 12.00
# Visual Studio 15
VisualStudioVersion = 15.0.28307.1401
MinimumVisualStudioVersion = 10.0.40219.1
Project("{FAE04EC0-301F-11D3-BF4B-00C04F79EFBC}") = "TaskManager", "TaskManager\TaskManager.csproj", "{BC4688F4-F790-44DF-BE09-FF354F01B82A}"
EndProject
Global
	GlobalSection(SolutionConfigurationPlatforms) = preSolution
		Debug|Any CPU = Debug|Any CPU
		Release|Any CPU = Release|Any CPU
	EndGlobalSection
	GlobalSection(ProjectConfigurationPlatforms) = postSolution
		{BC4688F4-F790-44DF-BE09-FF354F01B82A}.Debug|Any CPU.ActiveCfg = Debug|Any CPU
		{BC4688F4-F790-44DF-BE09-FF354F01B82A}.Debug|Any CPU.Build.0 = Debug|Any CPU
		{BC4688F4-F790-44DF-BE09-FF354F01B82A}.Release|Any CPU.ActiveCfg = Release|Any CPU
		{BC4688F4-F790-44DF-BE09-FF354F01B82A}.Release|Any CPU.Build.0 = Release|Any CPU
	EndGlobalSection
	GlobalSection(SolutionProperties) = preSolution
		HideSolutionNode = FALSE
	EndGlobalSection
	GlobalSection(ExtensibilityGlobals) = postSolution
		SolutionGuid = {F2F0D4DC-1742-48DD-AA6E-72DF19FA963D}
	EndGlobalSection
EndGlobal
